// !$*UTF8*$!
{
	archiveVersion = 1;
	classes = {
	};
	objectVersion = 55;
	objects = {

/* Begin PBXBuildFile section */
		1F5744B428CDAB050067441C /* DynamicIslandApp.swift in Sources */ = {isa = PBXBuildFile; fileRef = 1F5744B328CDAB050067441C /* DynamicIslandApp.swift */; };
		1F5744B628CDAB050067441C /* ContentView.swift in Sources */ = {isa = PBXBuildFile; fileRef = 1F5744B528CDAB050067441C /* ContentView.swift */; };
		1F5744B828CDAB070067441C /* Assets.xcassets in Resources */ = {isa = PBXBuildFile; fileRef = 1F5744B728CDAB070067441C /* Assets.xcassets */; };
		1F5744BB28CDAB070067441C /* Preview Assets.xcassets in Resources */ = {isa = PBXBuildFile; fileRef = 1F5744BA28CDAB070067441C /* Preview Assets.xcassets */; };
		1F5744C528CDAB070067441C /* DynamicIslandTests.swift in Sources */ = {isa = PBXBuildFile; fileRef = 1F5744C428CDAB070067441C /* DynamicIslandTests.swift */; };
		1F5744CF28CDAB070067441C /* DynamicIslandUITests.swift in Sources */ = {isa = PBXBuildFile; fileRef = 1F5744CE28CDAB070067441C /* DynamicIslandUITests.swift */; };
		1F5744D128CDAB070067441C /* DynamicIslandUITestsLaunchTests.swift in Sources */ = {isa = PBXBuildFile; fileRef = 1F5744D028CDAB070067441C /* DynamicIslandUITestsLaunchTests.swift */; };
/* End PBXBuildFile section */

/* Begin PBXContainerItemProxy section */
		1F5744C128CDAB070067441C /* PBXContainerItemProxy */ = {
			isa = PBXContainerItemProxy;
			containerPortal = 1F5744A828CDAB050067441C /* Project object */;
			proxyType = 1;
			remoteGlobalIDString = 1F5744AF28CDAB050067441C;
			remoteInfo = DynamicIsland;
		};
		1F5744CB28CDAB070067441C /* PBXContainerItemProxy */ = {
			isa = PBXContainerItemProxy;
			containerPortal = 1F5744A828CDAB050067441C /* Project object */;
			proxyType = 1;
			remoteGlobalIDString = 1F5744AF28CDAB050067441C;
			remoteInfo = DynamicIsland;
		};
/* End PBXContainerItemProxy section */

/* Begin PBXFileReference section */
		1F5744B028CDAB050067441C /* DynamicIsland.app */ = {isa = PBXFileReference; explicitFileType = wrapper.application; includeInIndex = 0; path = DynamicIsland.app; sourceTree = BUILT_PRODUCTS_DIR; };
		1F5744B328CDAB050067441C /* DynamicIslandApp.swift */ = {isa = PBXFileReference; lastKnownFileType = sourcecode.swift; path = DynamicIslandApp.swift; sourceTree = "<group>"; };
		1F5744B528CDAB050067441C /* ContentView.swift */ = {isa = PBXFileReference; lastKnownFileType = sourcecode.swift; path = ContentView.swift; sourceTree = "<group>"; };
		1F5744B728CDAB070067441C /* Assets.xcassets */ = {isa = PBXFileReference; lastKnownFileType = folder.assetcatalog; path = Assets.xcassets; sourceTree = "<group>"; };
		1F5744BA28CDAB070067441C /* Preview Assets.xcassets */ = {isa = PBXFileReference; lastKnownFileType = folder.assetcatalog; path = "Preview Assets.xcassets"; sourceTree = "<group>"; };
		1F5744C028CDAB070067441C /* DynamicIslandTests.xctest */ = {isa = PBXFileReference; explicitFileType = wrapper.cfbundle; includeInIndex = 0; path = DynamicIslandTests.xctest; sourceTree = BUILT_PRODUCTS_DIR; };
		1F5744C428CDAB070067441C /* DynamicIslandTests.swift */ = {isa = PBXFileReference; lastKnownFileType = sourcecode.swift; path = DynamicIslandTests.swift; sourceTree = "<group>"; };
		1F5744CA28CDAB070067441C /* DynamicIslandUITests.xctest */ = {isa = PBXFileReference; explicitFileType = wrapper.cfbundle; includeInIndex = 0; path = DynamicIslandUITests.xctest; sourceTree = BUILT_PRODUCTS_DIR; };
		1F5744CE28CDAB070067441C /* DynamicIslandUITests.swift */ = {isa = PBXFileReference; lastKnownFileType = sourcecode.swift; path = DynamicIslandUITests.swift; sourceTree = "<group>"; };
		1F5744D028CDAB070067441C /* DynamicIslandUITestsLaunchTests.swift */ = {isa = PBXFileReference; lastKnownFileType = sourcecode.swift; path = DynamicIslandUITestsLaunchTests.swift; sourceTree = "<group>"; };
/* End PBXFileReference section */

/* Begin PBXFrameworksBuildPhase section */
		1F5744AD28CDAB050067441C /* Frameworks */ = {
			isa = PBXFrameworksBuildPhase;
			buildActionMask = 2147483647;
			files = (
			);
			runOnlyForDeploymentPostprocessing = 0;
		};
		1F5744BD28CDAB070067441C /* Frameworks */ = {
			isa = PBXFrameworksBuildPhase;
			buildActionMask = 2147483647;
			files = (
			);
			runOnlyForDeploymentPostprocessing = 0;
		};
		1F5744C728CDAB070067441C /* Frameworks */ = {
			isa = PBXFrameworksBuildPhase;
			buildActionMask = 2147483647;
			files = (
			);
			runOnlyForDeploymentPostprocessing = 0;
		};
/* End PBXFrameworksBuildPhase section */

/* Begin PBXGroup section */
		1F5744A728CDAB050067441C = {
			isa = PBXGroup;
			children = (
				1F5744B228CDAB050067441C /* DynamicIsland */,
				1F5744C328CDAB070067441C /* DynamicIslandTests */,
				1F5744CD28CDAB070067441C /* DynamicIslandUITests */,
				1F5744B128CDAB050067441C /* Products */,
			);
			sourceTree = "<group>";
		};
		1F5744B128CDAB050067441C /* Products */ = {
			isa = PBXGroup;
			children = (
				1F5744B028CDAB050067441C /* DynamicIsland.app */,
				1F5744C028CDAB070067441C /* DynamicIslandTests.xctest */,
				1F5744CA28CDAB070067441C /* DynamicIslandUITests.xctest */,
			);
			name = Products;
			sourceTree = "<group>";
		};
		1F5744B228CDAB050067441C /* DynamicIsland */ = {
			isa = PBXGroup;
			children = (
				1F5744B328CDAB050067441C /* DynamicIslandApp.swift */,
				1F5744B528CDAB050067441C /* ContentView.swift */,
				1F5744B728CDAB070067441C /* Assets.xcassets */,
				1F5744B928CDAB070067441C /* Preview Content */,
			);
			path = DynamicIsland;
			sourceTree = "<group>";
		};
		1F5744B928CDAB070067441C /* Preview Content */ = {
			isa = PBXGroup;
			children = (
				1F5744BA28CDAB070067441C /* Preview Assets.xcassets */,
			);
			path = "Preview Content";
			sourceTree = "<group>";
		};
		1F5744C328CDAB070067441C /* DynamicIslandTests */ = {
			isa = PBXGroup;
			children = (
				1F5744C428CDAB070067441C /* DynamicIslandTests.swift */,
			);
			path = DynamicIslandTests;
			sourceTree = "<group>";
		};
		1F5744CD28CDAB070067441C /* DynamicIslandUITests */ = {
			isa = PBXGroup;
			children = (
				1F5744CE28CDAB070067441C /* DynamicIslandUITests.swift */,
				1F5744D028CDAB070067441C /* DynamicIslandUITestsLaunchTests.swift */,
			);
			path = DynamicIslandUITests;
			sourceTree = "<group>";
		};
/* End PBXGroup section */

/* Begin PBXNativeTarget section */
		1F5744AF28CDAB050067441C /* DynamicIsland */ = {
			isa = PBXNativeTarget;
			buildConfigurationList = 1F5744D428CDAB070067441C /* Build configuration list for PBXNativeTarget "DynamicIsland" */;
			buildPhases = (
				1F5744AC28CDAB050067441C /* Sources */,
				1F5744AD28CDAB050067441C /* Frameworks */,
				1F5744AE28CDAB050067441C /* Resources */,
			);
			buildRules = (
			);
			dependencies = (
			);
			name = DynamicIsland;
			productName = DynamicIsland;
			productReference = 1F5744B028CDAB050067441C /* DynamicIsland.app */;
			productType = "com.apple.product-type.application";
		};
		1F5744BF28CDAB070067441C /* DynamicIslandTests */ = {
			isa = PBXNativeTarget;
			buildConfigurationList = 1F5744D728CDAB070067441C /* Build configuration list for PBXNativeTarget "DynamicIslandTests" */;
			buildPhases = (
				1F5744BC28CDAB070067441C /* Sources */,
				1F5744BD28CDAB070067441C /* Frameworks */,
				1F5744BE28CDAB070067441C /* Resources */,
			);
			buildRules = (
			);
			dependencies = (
				1F5744C228CDAB070067441C /* PBXTargetDependency */,
			);
			name = DynamicIslandTests;
			productName = DynamicIslandTests;
			productReference = 1F5744C028CDAB070067441C /* DynamicIslandTests.xctest */;
			productType = "com.apple.product-type.bundle.unit-test";
		};
		1F5744C928CDAB070067441C /* DynamicIslandUITests */ = {
			isa = PBXNativeTarget;
			buildConfigurationList = 1F5744DA28CDAB070067441C /* Build configuration list for PBXNativeTarget "DynamicIslandUITests" */;
			buildPhases = (
				1F5744C628CDAB070067441C /* Sources */,
				1F5744C728CDAB070067441C /* Frameworks */,
				1F5744C828CDAB070067441C /* Resources */,
			);
			buildRules = (
			);
			dependencies = (
				1F5744CC28CDAB070067441C /* PBXTargetDependency */,
			);
			name = DynamicIslandUITests;
			productName = DynamicIslandUITests;
			productReference = 1F5744CA28CDAB070067441C /* DynamicIslandUITests.xctest */;
			productType = "com.apple.product-type.bundle.ui-testing";
		};
/* End PBXNativeTarget section */

/* Begin PBXProject section */
		1F5744A828CDAB050067441C /* Project object */ = {
			isa = PBXProject;
			attributes = {
				BuildIndependentTargetsInParallel = 1;
				LastSwiftUpdateCheck = 1340;
				LastUpgradeCheck = 1340;
				TargetAttributes = {
					1F5744AF28CDAB050067441C = {
						CreatedOnToolsVersion = 13.4.1;
					};
					1F5744BF28CDAB070067441C = {
						CreatedOnToolsVersion = 13.4.1;
						TestTargetID = 1F5744AF28CDAB050067441C;
					};
					1F5744C928CDAB070067441C = {
						CreatedOnToolsVersion = 13.4.1;
						TestTargetID = 1F5744AF28CDAB050067441C;
					};
				};
			};
			buildConfigurationList = 1F5744AB28CDAB050067441C /* Build configuration list for PBXProject "DynamicIsland" */;
			compatibilityVersion = "Xcode 13.0";
			developmentRegion = en;
			hasScannedForEncodings = 0;
			knownRegions = (
				en,
				Base,
			);
			mainGroup = 1F5744A728CDAB050067441C;
			productRefGroup = 1F5744B128CDAB050067441C /* Products */;
			projectDirPath = "";
			projectRoot = "";
			targets = (
				1F5744AF28CDAB050067441C /* DynamicIsland */,
				1F5744BF28CDAB070067441C /* DynamicIslandTests */,
				1F5744C928CDAB070067441C /* DynamicIslandUITests */,
			);
		};
/* End PBXProject section */

/* Begin PBXResourcesBuildPhase section */
		1F5744AE28CDAB050067441C /* Resources */ = {
			isa = PBXResourcesBuildPhase;
			buildActionMask = 2147483647;
			files = (
				1F5744BB28CDAB070067441C /* Preview Assets.xcassets in Resources */,
				1F5744B828CDAB070067441C /* Assets.xcassets in Resources */,
			);
			runOnlyForDeploymentPostprocessing = 0;
		};
		1F5744BE28CDAB070067441C /* Resources */ = {
			isa = PBXResourcesBuildPhase;
			buildActionMask = 2147483647;
			files = (
			);
			runOnlyForDeploymentPostprocessing = 0;
		};
		1F5744C828CDAB070067441C /* Resources */ = {
			isa = PBXResourcesBuildPhase;
			buildActionMask = 2147483647;
			files = (
			);
			runOnlyForDeploymentPostprocessing = 0;
		};
/* End PBXResourcesBuildPhase section */

/* Begin PBXSourcesBuildPhase section */
		1F5744AC28CDAB050067441C /* Sources */ = {
			isa = PBXSourcesBuildPhase;
			buildActionMask = 2147483647;
			files = (
				1F5744B628CDAB050067441C /* ContentView.swift in Sources */,
				1F5744B428CDAB050067441C /* DynamicIslandApp.swift in Sources */,
			);
			runOnlyForDeploymentPostprocessing = 0;
		};
		1F5744BC28CDAB070067441C /* Sources */ = {
			isa = PBXSourcesBuildPhase;
			buildActionMask = 2147483647;
			files = (
				1F5744C528CDAB070067441C /* DynamicIslandTests.swift in Sources */,
			);
			runOnlyForDeploymentPostprocessing = 0;
		};
		1F5744C628CDAB070067441C /* Sources */ = {
			isa = PBXSourcesBuildPhase;
			buildActionMask = 2147483647;
			files = (
				1F5744CF28CDAB070067441C /* DynamicIslandUITests.swift in Sources */,
				1F5744D128CDAB070067441C /* DynamicIslandUITestsLaunchTests.swift in Sources */,
			);
			runOnlyForDeploymentPostprocessing = 0;
		};
/* End PBXSourcesBuildPhase section */

/* Begin PBXTargetDependency section */
		1F5744C228CDAB070067441C /* PBXTargetDependency */ = {
			isa = PBXTargetDependency;
			target = 1F5744AF28CDAB050067441C /* DynamicIsland */;
			targetProxy = 1F5744C128CDAB070067441C /* PBXContainerItemProxy */;
		};
		1F5744CC28CDAB070067441C /* PBXTargetDependency */ = {
			isa = PBXTargetDependency;
			target = 1F5744AF28CDAB050067441C /* DynamicIsland */;
			targetProxy = 1F5744CB28CDAB070067441C /* PBXContainerItemProxy */;
		};
/* End PBXTargetDependency section */

/* Begin XCBuildConfiguration section */
		1F5744D228CDAB070067441C /* Debug */ = {
			isa = XCBuildConfiguration;
			buildSettings = {
				ALWAYS_SEARCH_USER_PATHS = NO;
				CLANG_ANALYZER_NONNULL = YES;
				CLANG_ANALYZER_NUMBER_OBJECT_CONVERSION = YES_AGGRESSIVE;
				CLANG_CXX_LANGUAGE_STANDARD = "gnu++17";
				CLANG_ENABLE_MODULES = YES;
				CLANG_ENABLE_OBJC_ARC = YES;
				CLANG_ENABLE_OBJC_WEAK = YES;
				CLANG_WARN_BLOCK_CAPTURE_AUTORELEASING = YES;
				CLANG_WARN_BOOL_CONVERSION = YES;
				CLANG_WARN_COMMA = YES;
				CLANG_WARN_CONSTANT_CONVERSION = YES;
				CLANG_WARN_DEPRECATED_OBJC_IMPLEMENTATIONS = YES;
				CLANG_WARN_DIRECT_OBJC_ISA_USAGE = YES_ERROR;
				CLANG_WARN_DOCUMENTATION_COMMENTS = YES;
				CLANG_WARN_EMPTY_BODY = YES;
				CLANG_WARN_ENUM_CONVERSION = YES;
				CLANG_WARN_INFINITE_RECURSION = YES;
				CLANG_WARN_INT_CONVERSION = YES;
				CLANG_WARN_NON_LITERAL_NULL_CONVERSION = YES;
				CLANG_WARN_OBJC_IMPLICIT_RETAIN_SELF = YES;
				CLANG_WARN_OBJC_LITERAL_CONVERSION = YES;
				CLANG_WARN_OBJC_ROOT_CLASS = YES_ERROR;
				CLANG_WARN_QUOTED_INCLUDE_IN_FRAMEWORK_HEADER = YES;
				CLANG_WARN_RANGE_LOOP_ANALYSIS = YES;
				CLANG_WARN_STRICT_PROTOTYPES = YES;
				CLANG_WARN_SUSPICIOUS_MOVE = YES;
				CLANG_WARN_UNGUARDED_AVAILABILITY = YES_AGGRESSIVE;
				CLANG_WARN_UNREACHABLE_CODE = YES;
				CLANG_WARN__DUPLICATE_METHOD_MATCH = YES;
				COPY_PHASE_STRIP = NO;
				DEBUG_INFORMATION_FORMAT = dwarf;
				ENABLE_STRICT_OBJC_MSGSEND = YES;
				ENABLE_TESTABILITY = YES;
				GCC_C_LANGUAGE_STANDARD = gnu11;
				GCC_DYNAMIC_NO_PIC = NO;
				GCC_NO_COMMON_BLOCKS = YES;
				GCC_OPTIMIZATION_LEVEL = 0;
				GCC_PREPROCESSOR_DEFINITIONS = (
					"DEBUG=1",
					"$(inherited)",
				);
				GCC_WARN_64_TO_32_BIT_CONVERSION = YES;
				GCC_WARN_ABOUT_RETURN_TYPE = YES_ERROR;
				GCC_WARN_UNDECLARED_SELECTOR = YES;
				GCC_WARN_UNINITIALIZED_AUTOS = YES_AGGRESSIVE;
				GCC_WARN_UNUSED_FUNCTION = YES;
				GCC_WARN_UNUSED_VARIABLE = YES;
				IPHONEOS_DEPLOYMENT_TARGET = 15.5;
				MTL_ENABLE_DEBUG_INFO = INCLUDE_SOURCE;
				MTL_FAST_MATH = YES;
				ONLY_ACTIVE_ARCH = YES;
				SDKROOT = iphoneos;
				SWIFT_ACTIVE_COMPILATION_CONDITIONS = DEBUG;
				SWIFT_OPTIMIZATION_LEVEL = "-Onone";
			};
			name = Debug;
		};
		1F5744D328CDAB070067441C /* Release */ = {
			isa = XCBuildConfiguration;
			buildSettings = {
				ALWAYS_SEARCH_USER_PATHS = NO;
				CLANG_ANALYZER_NONNULL = YES;
				CLANG_ANALYZER_NUMBER_OBJECT_CONVERSION = YES_AGGRESSIVE;
				CLANG_CXX_LANGUAGE_STANDARD = "gnu++17";
				CLANG_ENABLE_MODULES = YES;
				CLANG_ENABLE_OBJC_ARC = YES;
				CLANG_ENABLE_OBJC_WEAK = YES;
				CLANG_WARN_BLOCK_CAPTURE_AUTORELEASING = YES;
				CLANG_WARN_BOOL_CONVERSION = YES;
				CLANG_WARN_COMMA = YES;
				CLANG_WARN_CONSTANT_CONVERSION = YES;
				CLANG_WARN_DEPRECATED_OBJC_IMPLEMENTATIONS = YES;
				CLANG_WARN_DIRECT_OBJC_ISA_USAGE = YES_ERROR;
				CLANG_WARN_DOCUMENTATION_COMMENTS = YES;
				CLANG_WARN_EMPTY_BODY = YES;
				CLANG_WARN_ENUM_CONVERSION = YES;
				CLANG_WARN_INFINITE_RECURSION = YES;
				CLANG_WARN_INT_CONVERSION = YES;
				CLANG_WARN_NON_LITERAL_NULL_CONVERSION = YES;
				CLANG_WARN_OBJC_IMPLICIT_RETAIN_SELF = YES;
				CLANG_WARN_OBJC_LITERAL_CONVERSION = YES;
				CLANG_WARN_OBJC_ROOT_CLASS = YES_ERROR;
				CLANG_WARN_QUOTED_INCLUDE_IN_FRAMEWORK_HEADER = YES;
				CLANG_WARN_RANGE_LOOP_ANALYSIS = YES;
				CLANG_WARN_STRICT_PROTOTYPES = YES;
				CLANG_WARN_SUSPICIOUS_MOVE = YES;
				CLANG_WARN_UNGUARDED_AVAILABILITY = YES_AGGRESSIVE;
				CLANG_WARN_UNREACHABLE_CODE = YES;
				CLANG_WARN__DUPLICATE_METHOD_MATCH = YES;
				COPY_PHASE_STRIP = NO;
				DEBUG_INFORMATION_FORMAT = "dwarf-with-dsym";
				ENABLE_NS_ASSERTIONS = NO;
				ENABLE_STRICT_OBJC_MSGSEND = YES;
				GCC_C_LANGUAGE_STANDARD = gnu11;
				GCC_NO_COMMON_BLOCKS = YES;
				GCC_WARN_64_TO_32_BIT_CONVERSION = YES;
				GCC_WARN_ABOUT_RETURN_TYPE = YES_ERROR;
				GCC_WARN_UNDECLARED_SELECTOR = YES;
				GCC_WARN_UNINITIALIZED_AUTOS = YES_AGGRESSIVE;
				GCC_WARN_UNUSED_FUNCTION = YES;
				GCC_WARN_UNUSED_VARIABLE = YES;
				IPHONEOS_DEPLOYMENT_TARGET = 15.5;
				MTL_ENABLE_DEBUG_INFO = NO;
				MTL_FAST_MATH = YES;
				SDKROOT = iphoneos;
				SWIFT_COMPILATION_MODE = wholemodule;
				SWIFT_OPTIMIZATION_LEVEL = "-O";
				VALIDATE_PRODUCT = YES;
			};
			name = Release;
		};
		1F5744D528CDAB070067441C /* Debug */ = {
			isa = XCBuildConfiguration;
			buildSettings = {
				ASSETCATALOG_COMPILER_APPICON_NAME = AppIcon;
				ASSETCATALOG_COMPILER_GLOBAL_ACCENT_COLOR_NAME = AccentColor;
				CODE_SIGN_STYLE = Automatic;
				CURRENT_PROJECT_VERSION = 1;
				DEVELOPMENT_ASSET_PATHS = "\"DynamicIsland/Preview Content\"";
				ENABLE_PREVIEWS = YES;
				GENERATE_INFOPLIST_FILE = YES;
				INFOPLIST_KEY_UIApplicationSceneManifest_Generation = YES;
				INFOPLIST_KEY_UIApplicationSupportsIndirectInputEvents = YES;
				INFOPLIST_KEY_UILaunchScreen_Generation = YES;
				INFOPLIST_KEY_UISupportedInterfaceOrientations_iPad = "UIInterfaceOrientationPortrait UIInterfaceOrientationPortraitUpsideDown UIInterfaceOrientationLandscapeLeft UIInterfaceOrientationLandscapeRight";
				INFOPLIST_KEY_UISupportedInterfaceOrientations_iPhone = "UIInterfaceOrientationPortrait UIInterfaceOrientationLandscapeLeft UIInterfaceOrientationLandscapeRight";
				LD_RUNPATH_SEARCH_PATHS = (
					"$(inherited)",
					"@executable_path/Frameworks",
				);
				MARKETING_VERSION = 1.0;
				PRODUCT_BUNDLE_IDENTIFIER = test.app.dev.DynamicIsland;
				PRODUCT_NAME = "$(TARGET_NAME)";
				SWIFT_EMIT_LOC_STRINGS = YES;
				SWIFT_VERSION = 5.0;
				TARGETED_DEVICE_FAMILY = "1,2";
			};
			name = Debug;
		};
		1F5744D628CDAB070067441C /* Release */ = {
			isa = XCBuildConfiguration;
			buildSettings = {
				ASSETCATALOG_COMPILER_APPICON_NAME = AppIcon;
				ASSETCATALOG_COMPILER_GLOBAL_ACCENT_COLOR_NAME = AccentColor;
				CODE_SIGN_STYLE = Automatic;
				CURRENT_PROJECT_VERSION = 1;
				DEVELOPMENT_ASSET_PATHS = "\"DynamicIsland/Preview Content\"";
				ENABLE_PREVIEWS = YES;
				GENERATE_INFOPLIST_FILE = YES;
				INFOPLIST_KEY_UIApplicationSceneManifest_Generation = YES;
				INFOPLIST_KEY_UIApplicationSupportsIndirectInputEvents = YES;
				INFOPLIST_KEY_UILaunchScreen_Generation = YES;
				INFOPLIST_KEY_UISupportedInterfaceOrientations_iPad = "UIInterfaceOrientationPortrait UIInterfaceOrientationPortraitUpsideDown UIInterfaceOrientationLandscapeLeft UIInterfaceOrientationLandscapeRight";
				INFOPLIST_KEY_UISupportedInterfaceOrientations_iPhone = "UIInterfaceOrientationPortrait UIInterfaceOrientationLandscapeLeft UIInterfaceOrientationLandscapeRight";
				LD_RUNPATH_SEARCH_PATHS = (
					"$(inherited)",
					"@executable_path/Frameworks",
				);
				MARKETING_VERSION = 1.0;
				PRODUCT_BUNDLE_IDENTIFIER = test.app.dev.DynamicIsland;
				PRODUCT_NAME = "$(TARGET_NAME)";
				SWIFT_EMIT_LOC_STRINGS = YES;
				SWIFT_VERSION = 5.0;
				TARGETED_DEVICE_FAMILY = "1,2";
			};
			name = Release;
		};
		1F5744D828CDAB070067441C /* Debug */ = {
			isa = XCBuildConfiguration;
			buildSettings = {
				ALWAYS_EMBED_SWIFT_STANDARD_LIBRARIES = YES;
				BUNDLE_LOADER = "$(TEST_HOST)";
				CODE_SIGN_STYLE = Automatic;
				CURRENT_PROJECT_VERSION = 1;
				GENERATE_INFOPLIST_FILE = YES;
				IPHONEOS_DEPLOYMENT_TARGET = 15.5;
				MARKETING_VERSION = 1.0;
				PRODUCT_BUNDLE_IDENTIFIER = test.app.dev.DynamicIslandTests;
				PRODUCT_NAME = "$(TARGET_NAME)";
				SWIFT_EMIT_LOC_STRINGS = NO;
				SWIFT_VERSION = 5.0;
				TARGETED_DEVICE_FAMILY = "1,2";
				TEST_HOST = "$(BUILT_PRODUCTS_DIR)/DynamicIsland.app/DynamicIsland";
			};
			name = Debug;
		};
		1F5744D928CDAB070067441C /* Release */ = {
			isa = XCBuildConfiguration;
			buildSettings = {
				ALWAYS_EMBED_SWIFT_STANDARD_LIBRARIES = YES;
				BUNDLE_LOADER = "$(TEST_HOST)";
				CODE_SIGN_STYLE = Automatic;
				CURRENT_PROJECT_VERSION = 1;
				GENERATE_INFOPLIST_FILE = YES;
				IPHONEOS_DEPLOYMENT_TARGET = 15.5;
				MARKETING_VERSION = 1.0;
				PRODUCT_BUNDLE_IDENTIFIER = test.app.dev.DynamicIslandTests;
				PRODUCT_NAME = "$(TARGET_NAME)";
				SWIFT_EMIT_LOC_STRINGS = NO;
				SWIFT_VERSION = 5.0;
				TARGETED_DEVICE_FAMILY = "1,2";
				TEST_HOST = "$(BUILT_PRODUCTS_DIR)/DynamicIsland.app/DynamicIsland";
			};
			name = Release;
		};
		1F5744DB28CDAB070067441C /* Debug */ = {
			isa = XCBuildConfiguration;
			buildSettings = {
				ALWAYS_EMBED_SWIFT_STANDARD_LIBRARIES = YES;
				CODE_SIGN_STYLE = Automatic;
				CURRENT_PROJECT_VERSION = 1;
				GENERATE_INFOPLIST_FILE = YES;
				MARKETING_VERSION = 1.0;
				PRODUCT_BUNDLE_IDENTIFIER = test.app.dev.DynamicIslandUITests;
				PRODUCT_NAME = "$(TARGET_NAME)";
				SWIFT_EMIT_LOC_STRINGS = NO;
				SWIFT_VERSION = 5.0;
				TARGETED_DEVICE_FAMILY = "1,2";
				TEST_TARGET_NAME = DynamicIsland;
			};
			name = Debug;
		};
		1F5744DC28CDAB070067441C /* Release */ = {
			isa = XCBuildConfiguration;
			buildSettings = {
				ALWAYS_EMBED_SWIFT_STANDARD_LIBRARIES = YES;
				CODE_SIGN_STYLE = Automatic;
				CURRENT_PROJECT_VERSION = 1;
				GENERATE_INFOPLIST_FILE = YES;
				MARKETING_VERSION = 1.0;
				PRODUCT_BUNDLE_IDENTIFIER = test.app.dev.DynamicIslandUITests;
				PRODUCT_NAME = "$(TARGET_NAME)";
				SWIFT_EMIT_LOC_STRINGS = NO;
				SWIFT_VERSION = 5.0;
				TARGETED_DEVICE_FAMILY = "1,2";
				TEST_TARGET_NAME = DynamicIsland;
			};
			name = Release;
		};
/* End XCBuildConfiguration section */

/* Begin XCConfigurationList section */
		1F5744AB28CDAB050067441C /* Build configuration list for PBXProject "DynamicIsland" */ = {
			isa = XCConfigurationList;
			buildConfigurations = (
				1F5744D228CDAB070067441C /* Debug */,
				1F5744D328CDAB070067441C /* Release */,
			);
			defaultConfigurationIsVisible = 0;
			defaultConfigurationName = Release;
		};
		1F5744D428CDAB070067441C /* Build configuration list for PBXNativeTarget "DynamicIsland" */ = {
			isa = XCConfigurationList;
			buildConfigurations = (
				1F5744D528CDAB070067441C /* Debug */,
				1F5744D628CDAB070067441C /* Release */,
			);
			defaultConfigurationIsVisible = 0;
			defaultConfigurationName = Release;
		};
		1F5744D728CDAB070067441C /* Build configuration list for PBXNativeTarget "DynamicIslandTests" */ = {
			isa = XCConfigurationList;
			buildConfigurations = (
				1F5744D828CDAB070067441C /* Debug */,
				1F5744D928CDAB070067441C /* Release */,
			);
			defaultConfigurationIsVisible = 0;
			defaultConfigurationName = Release;
		};
		1F5744DA28CDAB070067441C /* Build configuration list for PBXNativeTarget "DynamicIslandUITests" */ = {
			isa = XCConfigurationList;
			buildConfigurations = (
				1F5744DB28CDAB070067441C /* Debug */,
				1F5744DC28CDAB070067441C /* Release */,
			);
			defaultConfigurationIsVisible = 0;
			defaultConfigurationName = Release;
		};
/* End XCConfigurationList section */
	};
	rootObject = 1F5744A828CDAB050067441C /* Project object */;
}
